<Solution>
  <Folder Name="/src/">
    <Project Path="src/FaithTechTorontoAiBuildEvent.Api/FaithTechTorontoAiBuildEvent.Api.csproj" />
    <Project Path="src/FaithTechTorontoAiBuildEvent.Application/FaithTechTorontoAiBuildEvent.Application.csproj" />
    <Project Path="src/FaithTechTorontoAiBuildEvent.Domain/FaithTechTorontoAiBuildEvent.Domain.csproj" />
    <Project Path="src/FaithTechTorontoAiBuildEvent.Infrastructure/FaithTechTorontoAiBuildEvent.Infrastructure.csproj" />
  </Folder>
  <Folder Name="/tests/">
    <Project Path="tests/FaithTechTorontoAiBuildEvent.AcceptanceTests/FaithTechTorontoAiBuildEvent.AcceptanceTests.csproj" />
  </Folder>
</Solution>
